
Microsoft Visual Studio Solution File, Format Version 12.00
# Visual Studio Version 16
VisualStudioVersion = 16.0.30717.126
MinimumVisualStudioVersion = 10.0.40219.1
Project("{9A19103F-16F7-4668-BE54-9A1E7A4F7556}") = "GeonBit.UI", "GeonBit.UI\GeonBit.UI.csproj", "{AB59B73E-A93E-4EA4-9297-3155FF9721BC}"
EndProject
Project("{FAE04EC0-301F-11D3-BF4B-00C04F79EFBC}") = "DataTypes", "DataTypes\DataTypes.csproj", "{7DC6693D-3745-4092-97B3-868F3E882C6F}"
EndProject
Global
	GlobalSection(SolutionConfigurationPlatforms) = preSolution
		Debug|Any CPU = Debug|Any CPU
		Release|Any CPU = Release|Any CPU
	EndGlobalSection
	GlobalSection(ProjectConfigurationPlatforms) = postSolution
		{AB59B73E-A93E-4EA4-9297-3155FF9721BC}.Debug|Any CPU.ActiveCfg = Debug|Any CPU
		{AB59B73E-A93E-4EA4-9297-3155FF9721BC}.Debug|Any CPU.Build.0 = Debug|Any CPU
		{AB59B73E-A93E-4EA4-9297-3155FF9721BC}.Release|Any CPU.ActiveCfg = Release|Any CPU
		{AB59B73E-A93E-4EA4-9297-3155FF9721BC}.Release|Any CPU.Build.0 = Release|Any CPU
		{7DC6693D-3745-4092-97B3-868F3E882C6F}.Debug|Any CPU.ActiveCfg = Debug|Any CPU
		{7DC6693D-3745-4092-97B3-868F3E882C6F}.Debug|Any CPU.Build.0 = Debug|Any CPU
		{7DC6693D-3745-4092-97B3-868F3E882C6F}.Release|Any CPU.ActiveCfg = Release|Any CPU
		{7DC6693D-3745-4092-97B3-868F3E882C6F}.Release|Any CPU.Build.0 = Release|Any CPU
	EndGlobalSection
	GlobalSection(SolutionProperties) = preSolution
		HideSolutionNode = FALSE
	EndGlobalSection
	GlobalSection(ExtensibilityGlobals) = postSolution
		SolutionGuid = {FDB8D72A-FCA9-4867-A63D-67714E5CD959}
	EndGlobalSection
EndGlobal
